// !$*UTF8*$!
{
	archiveVersion = 1;
	classes = {
	};
	objectVersion = 50;
	objects = {

/* Begin PBXBuildFile section */
		9C30F716257951E8003D310F /* AppDelegate.swift in Sources */ = {isa = PBXBuildFile; fileRef = 9C30F715257951E8003D310F /* AppDelegate.swift */; };
		9C30F718257951E8003D310F /* SceneDelegate.swift in Sources */ = {isa = PBXBuildFile; fileRef = 9C30F717257951E8003D310F /* SceneDelegate.swift */; };
		9C30F71A257951E8003D310F /* ViewController.swift in Sources */ = {isa = PBXBuildFile; fileRef = 9C30F719257951E8003D310F /* ViewController.swift */; };
		9C30F71D257951E8003D310F /* Main.storyboard in Resources */ = {isa = PBXBuildFile; fileRef = 9C30F71B257951E8003D310F /* Main.storyboard */; };
		9C30F71F257951EC003D310F /* Assets.xcassets in Resources */ = {isa = PBXBuildFile; fileRef = 9C30F71E257951EC003D310F /* Assets.xcassets */; };
		9C30F722257951EC003D310F /* LaunchScreen.storyboard in Resources */ = {isa = PBXBuildFile; fileRef = 9C30F720257951EC003D310F /* LaunchScreen.storyboard */; };
		9C30F72D257951ED003D310F /* mapTest2Tests.swift in Sources */ = {isa = PBXBuildFile; fileRef = 9C30F72C257951ED003D310F /* mapTest2Tests.swift */; };
		9C30F738257951ED003D310F /* mapTest2UITests.swift in Sources */ = {isa = PBXBuildFile; fileRef = 9C30F737257951ED003D310F /* mapTest2UITests.swift */; };
/* End PBXBuildFile section */

/* Begin PBXContainerItemProxy section */
		9C30F729257951ED003D310F /* PBXContainerItemProxy */ = {
			isa = PBXContainerItemProxy;
			containerPortal = 9C30F70A257951E8003D310F /* Project object */;
			proxyType = 1;
			remoteGlobalIDString = 9C30F711257951E8003D310F;
			remoteInfo = mapTest2;
		};
		9C30F734257951ED003D310F /* PBXContainerItemProxy */ = {
			isa = PBXContainerItemProxy;
			containerPortal = 9C30F70A257951E8003D310F /* Project object */;
			proxyType = 1;
			remoteGlobalIDString = 9C30F711257951E8003D310F;
			remoteInfo = mapTest2;
		};
/* End PBXContainerItemProxy section */

/* Begin PBXFileReference section */
		9C30F712257951E8003D310F /* mapTest2.app */ = {isa = PBXFileReference; explicitFileType = wrapper.application; includeInIndex = 0; path = mapTest2.app; sourceTree = BUILT_PRODUCTS_DIR; };
		9C30F715257951E8003D310F /* AppDelegate.swift */ = {isa = PBXFileReference; lastKnownFileType = sourcecode.swift; path = AppDelegate.swift; sourceTree = "<group>"; };
		9C30F717257951E8003D310F /* SceneDelegate.swift */ = {isa = PBXFileReference; lastKnownFileType = sourcecode.swift; path = SceneDelegate.swift; sourceTree = "<group>"; };
		9C30F719257951E8003D310F /* ViewController.swift */ = {isa = PBXFileReference; lastKnownFileType = sourcecode.swift; path = ViewController.swift; sourceTree = "<group>"; };
		9C30F71C257951E8003D310F /* Base */ = {isa = PBXFileReference; lastKnownFileType = file.storyboard; name = Base; path = Base.lproj/Main.storyboard; sourceTree = "<group>"; };
		9C30F71E257951EC003D310F /* Assets.xcassets */ = {isa = PBXFileReference; lastKnownFileType = folder.assetcatalog; path = Assets.xcassets; sourceTree = "<group>"; };
		9C30F721257951EC003D310F /* Base */ = {isa = PBXFileReference; lastKnownFileType = file.storyboard; name = Base; path = Base.lproj/LaunchScreen.storyboard; sourceTree = "<group>"; };
		9C30F723257951EC003D310F /* Info.plist */ = {isa = PBXFileReference; lastKnownFileType = text.plist.xml; path = Info.plist; sourceTree = "<group>"; };
		9C30F728257951ED003D310F /* mapTest2Tests.xctest */ = {isa = PBXFileReference; explicitFileType = wrapper.cfbundle; includeInIndex = 0; path = mapTest2Tests.xctest; sourceTree = BUILT_PRODUCTS_DIR; };
		9C30F72C257951ED003D310F /* mapTest2Tests.swift */ = {isa = PBXFileReference; lastKnownFileType = sourcecode.swift; path = mapTest2Tests.swift; sourceTree = "<group>"; };
		9C30F72E257951ED003D310F /* Info.plist */ = {isa = PBXFileReference; lastKnownFileType = text.plist.xml; path = Info.plist; sourceTree = "<group>"; };
		9C30F733257951ED003D310F /* mapTest2UITests.xctest */ = {isa = PBXFileReference; explicitFileType = wrapper.cfbundle; includeInIndex = 0; path = mapTest2UITests.xctest; sourceTree = BUILT_PRODUCTS_DIR; };
		9C30F737257951ED003D310F /* mapTest2UITests.swift */ = {isa = PBXFileReference; lastKnownFileType = sourcecode.swift; path = mapTest2UITests.swift; sourceTree = "<group>"; };
		9C30F739257951ED003D310F /* Info.plist */ = {isa = PBXFileReference; lastKnownFileType = text.plist.xml; path = Info.plist; sourceTree = "<group>"; };
/* End PBXFileReference section */

/* Begin PBXFrameworksBuildPhase section */
		9C30F70F257951E8003D310F /* Frameworks */ = {
			isa = PBXFrameworksBuildPhase;
			buildActionMask = 2147483647;
			files = (
			);
			runOnlyForDeploymentPostprocessing = 0;
		};
		9C30F725257951ED003D310F /* Frameworks */ = {
			isa = PBXFrameworksBuildPhase;
			buildActionMask = 2147483647;
			files = (
			);
			runOnlyForDeploymentPostprocessing = 0;
		};
		9C30F730257951ED003D310F /* Frameworks */ = {
			isa = PBXFrameworksBuildPhase;
			buildActionMask = 2147483647;
			files = (
			);
			runOnlyForDeploymentPostprocessing = 0;
		};
/* End PBXFrameworksBuildPhase section */

/* Begin PBXGroup section */
		9C30F709257951E8003D310F = {
			isa = PBXGroup;
			children = (
				9C30F714257951E8003D310F /* mapTest2 */,
				9C30F72B257951ED003D310F /* mapTest2Tests */,
				9C30F736257951ED003D310F /* mapTest2UITests */,
				9C30F713257951E8003D310F /* Products */,
			);
			sourceTree = "<group>";
		};
		9C30F713257951E8003D310F /* Products */ = {
			isa = PBXGroup;
			children = (
				9C30F712257951E8003D310F /* mapTest2.app */,
				9C30F728257951ED003D310F /* mapTest2Tests.xctest */,
				9C30F733257951ED003D310F /* mapTest2UITests.xctest */,
			);
			name = Products;
			sourceTree = "<group>";
		};
		9C30F714257951E8003D310F /* mapTest2 */ = {
			isa = PBXGroup;
			children = (
				9C30F715257951E8003D310F /* AppDelegate.swift */,
				9C30F717257951E8003D310F /* SceneDelegate.swift */,
				9C30F719257951E8003D310F /* ViewController.swift */,
				9C30F71B257951E8003D310F /* Main.storyboard */,
				9C30F71E257951EC003D310F /* Assets.xcassets */,
				9C30F720257951EC003D310F /* LaunchScreen.storyboard */,
				9C30F723257951EC003D310F /* Info.plist */,
			);
			path = mapTest2;
			sourceTree = "<group>";
		};
		9C30F72B257951ED003D310F /* mapTest2Tests */ = {
			isa = PBXGroup;
			children = (
				9C30F72C257951ED003D310F /* mapTest2Tests.swift */,
				9C30F72E257951ED003D310F /* Info.plist */,
			);
			path = mapTest2Tests;
			sourceTree = "<group>";
		};
		9C30F736257951ED003D310F /* mapTest2UITests */ = {
			isa = PBXGroup;
			children = (
				9C30F737257951ED003D310F /* mapTest2UITests.swift */,
				9C30F739257951ED003D310F /* Info.plist */,
			);
			path = mapTest2UITests;
			sourceTree = "<group>";
		};
/* End PBXGroup section */

/* Begin PBXNativeTarget section */
		9C30F711257951E8003D310F /* mapTest2 */ = {
			isa = PBXNativeTarget;
			buildConfigurationList = 9C30F73C257951ED003D310F /* Build configuration list for PBXNativeTarget "mapTest2" */;
			buildPhases = (
				9C30F70E257951E8003D310F /* Sources */,
				9C30F70F257951E8003D310F /* Frameworks */,
				9C30F710257951E8003D310F /* Resources */,
			);
			buildRules = (
			);
			dependencies = (
			);
			name = mapTest2;
			productName = mapTest2;
			productReference = 9C30F712257951E8003D310F /* mapTest2.app */;
			productType = "com.apple.product-type.application";
		};
		9C30F727257951ED003D310F /* mapTest2Tests */ = {
			isa = PBXNativeTarget;
			buildConfigurationList = 9C30F73F257951ED003D310F /* Build configuration list for PBXNativeTarget "mapTest2Tests" */;
			buildPhases = (
				9C30F724257951ED003D310F /* Sources */,
				9C30F725257951ED003D310F /* Frameworks */,
				9C30F726257951ED003D310F /* Resources */,
			);
			buildRules = (
			);
			dependencies = (
				9C30F72A257951ED003D310F /* PBXTargetDependency */,
			);
			name = mapTest2Tests;
			productName = mapTest2Tests;
			productReference = 9C30F728257951ED003D310F /* mapTest2Tests.xctest */;
			productType = "com.apple.product-type.bundle.unit-test";
		};
		9C30F732257951ED003D310F /* mapTest2UITests */ = {
			isa = PBXNativeTarget;
			buildConfigurationList = 9C30F742257951ED003D310F /* Build configuration list for PBXNativeTarget "mapTest2UITests" */;
			buildPhases = (
				9C30F72F257951ED003D310F /* Sources */,
				9C30F730257951ED003D310F /* Frameworks */,
				9C30F731257951ED003D310F /* Resources */,
			);
			buildRules = (
			);
			dependencies = (
				9C30F735257951ED003D310F /* PBXTargetDependency */,
			);
			name = mapTest2UITests;
			productName = mapTest2UITests;
			productReference = 9C30F733257951ED003D310F /* mapTest2UITests.xctest */;
			productType = "com.apple.product-type.bundle.ui-testing";
		};
/* End PBXNativeTarget section */

/* Begin PBXProject section */
		9C30F70A257951E8003D310F /* Project object */ = {
			isa = PBXProject;
			attributes = {
				LastSwiftUpdateCheck = 1220;
				LastUpgradeCheck = 1220;
				TargetAttributes = {
					9C30F711257951E8003D310F = {
						CreatedOnToolsVersion = 12.2;
					};
					9C30F727257951ED003D310F = {
						CreatedOnToolsVersion = 12.2;
						TestTargetID = 9C30F711257951E8003D310F;
					};
					9C30F732257951ED003D310F = {
						CreatedOnToolsVersion = 12.2;
						TestTargetID = 9C30F711257951E8003D310F;
					};
				};
			};
			buildConfigurationList = 9C30F70D257951E8003D310F /* Build configuration list for PBXProject "mapTest2" */;
			compatibilityVersion = "Xcode 9.3";
			developmentRegion = en;
			hasScannedForEncodings = 0;
			knownRegions = (
				en,
				Base,
			);
			mainGroup = 9C30F709257951E8003D310F;
			productRefGroup = 9C30F713257951E8003D310F /* Products */;
			projectDirPath = "";
			projectRoot = "";
			targets = (
				9C30F711257951E8003D310F /* mapTest2 */,
				9C30F727257951ED003D310F /* mapTest2Tests */,
				9C30F732257951ED003D310F /* mapTest2UITests */,
			);
		};
/* End PBXProject section */

/* Begin PBXResourcesBuildPhase section */
		9C30F710257951E8003D310F /* Resources */ = {
			isa = PBXResourcesBuildPhase;
			buildActionMask = 2147483647;
			files = (
				9C30F722257951EC003D310F /* LaunchScreen.storyboard in Resources */,
				9C30F71F257951EC003D310F /* Assets.xcassets in Resources */,
				9C30F71D257951E8003D310F /* Main.storyboard in Resources */,
			);
			runOnlyForDeploymentPostprocessing = 0;
		};
		9C30F726257951ED003D310F /* Resources */ = {
			isa = PBXResourcesBuildPhase;
			buildActionMask = 2147483647;
			files = (
			);
			runOnlyForDeploymentPostprocessing = 0;
		};
		9C30F731257951ED003D310F /* Resources */ = {
			isa = PBXResourcesBuildPhase;
			buildActionMask = 2147483647;
			files = (
			);
			runOnlyForDeploymentPostprocessing = 0;
		};
/* End PBXResourcesBuildPhase section */

/* Begin PBXSourcesBuildPhase section */
		9C30F70E257951E8003D310F /* Sources */ = {
			isa = PBXSourcesBuildPhase;
			buildActionMask = 2147483647;
			files = (
				9C30F71A257951E8003D310F /* ViewController.swift in Sources */,
				9C30F716257951E8003D310F /* AppDelegate.swift in Sources */,
				9C30F718257951E8003D310F /* SceneDelegate.swift in Sources */,
			);
			runOnlyForDeploymentPostprocessing = 0;
		};
		9C30F724257951ED003D310F /* Sources */ = {
			isa = PBXSourcesBuildPhase;
			buildActionMask = 2147483647;
			files = (
				9C30F72D257951ED003D310F /* mapTest2Tests.swift in Sources */,
			);
			runOnlyForDeploymentPostprocessing = 0;
		};
		9C30F72F257951ED003D310F /* Sources */ = {
			isa = PBXSourcesBuildPhase;
			buildActionMask = 2147483647;
			files = (
				9C30F738257951ED003D310F /* mapTest2UITests.swift in Sources */,
			);
			runOnlyForDeploymentPostprocessing = 0;
		};
/* End PBXSourcesBuildPhase section */

/* Begin PBXTargetDependency section */
		9C30F72A257951ED003D310F /* PBXTargetDependency */ = {
			isa = PBXTargetDependency;
			target = 9C30F711257951E8003D310F /* mapTest2 */;
			targetProxy = 9C30F729257951ED003D310F /* PBXContainerItemProxy */;
		};
		9C30F735257951ED003D310F /* PBXTargetDependency */ = {
			isa = PBXTargetDependency;
			target = 9C30F711257951E8003D310F /* mapTest2 */;
			targetProxy = 9C30F734257951ED003D310F /* PBXContainerItemProxy */;
		};
/* End PBXTargetDependency section */

/* Begin PBXVariantGroup section */
		9C30F71B257951E8003D310F /* Main.storyboard */ = {
			isa = PBXVariantGroup;
			children = (
				9C30F71C257951E8003D310F /* Base */,
			);
			name = Main.storyboard;
			sourceTree = "<group>";
		};
		9C30F720257951EC003D310F /* LaunchScreen.storyboard */ = {
			isa = PBXVariantGroup;
			children = (
				9C30F721257951EC003D310F /* Base */,
			);
			name = LaunchScreen.storyboard;
			sourceTree = "<group>";
		};
/* End PBXVariantGroup section */

/* Begin XCBuildConfiguration section */
		9C30F73A257951ED003D310F /* Debug */ = {
			isa = XCBuildConfiguration;
			buildSettings = {
				ALWAYS_SEARCH_USER_PATHS = NO;
				CLANG_ANALYZER_NONNULL = YES;
				CLANG_ANALYZER_NUMBER_OBJECT_CONVERSION = YES_AGGRESSIVE;
				CLANG_CXX_LANGUAGE_STANDARD = "gnu++14";
				CLANG_CXX_LIBRARY = "libc++";
				CLANG_ENABLE_MODULES = YES;
				CLANG_ENABLE_OBJC_ARC = YES;
				CLANG_ENABLE_OBJC_WEAK = YES;
				CLANG_WARN_BLOCK_CAPTURE_AUTORELEASING = YES;
				CLANG_WARN_BOOL_CONVERSION = YES;
				CLANG_WARN_COMMA = YES;
				CLANG_WARN_CONSTANT_CONVERSION = YES;
				CLANG_WARN_DEPRECATED_OBJC_IMPLEMENTATIONS = YES;
				CLANG_WARN_DIRECT_OBJC_ISA_USAGE = YES_ERROR;
				CLANG_WARN_DOCUMENTATION_COMMENTS = YES;
				CLANG_WARN_EMPTY_BODY = YES;
				CLANG_WARN_ENUM_CONVERSION = YES;
				CLANG_WARN_INFINITE_RECURSION = YES;
				CLANG_WARN_INT_CONVERSION = YES;
				CLANG_WARN_NON_LITERAL_NULL_CONVERSION = YES;
				CLANG_WARN_OBJC_IMPLICIT_RETAIN_SELF = YES;
				CLANG_WARN_OBJC_LITERAL_CONVERSION = YES;
				CLANG_WARN_OBJC_ROOT_CLASS = YES_ERROR;
				CLANG_WARN_QUOTED_INCLUDE_IN_FRAMEWORK_HEADER = YES;
				CLANG_WARN_RANGE_LOOP_ANALYSIS = YES;
				CLANG_WARN_STRICT_PROTOTYPES = YES;
				CLANG_WARN_SUSPICIOUS_MOVE = YES;
				CLANG_WARN_UNGUARDED_AVAILABILITY = YES_AGGRESSIVE;
				CLANG_WARN_UNREACHABLE_CODE = YES;
				CLANG_WARN__DUPLICATE_METHOD_MATCH = YES;
				COPY_PHASE_STRIP = NO;
				DEBUG_INFORMATION_FORMAT = dwarf;
				ENABLE_STRICT_OBJC_MSGSEND = YES;
				ENABLE_TESTABILITY = YES;
				GCC_C_LANGUAGE_STANDARD = gnu11;
				GCC_DYNAMIC_NO_PIC = NO;
				GCC_NO_COMMON_BLOCKS = YES;
				GCC_OPTIMIZATION_LEVEL = 0;
				GCC_PREPROCESSOR_DEFINITIONS = (
					"DEBUG=1",
					"$(inherited)",
				);
				GCC_WARN_64_TO_32_BIT_CONVERSION = YES;
				GCC_WARN_ABOUT_RETURN_TYPE = YES_ERROR;
				GCC_WARN_UNDECLARED_SELECTOR = YES;
				GCC_WARN_UNINITIALIZED_AUTOS = YES_AGGRESSIVE;
				GCC_WARN_UNUSED_FUNCTION = YES;
				GCC_WARN_UNUSED_VARIABLE = YES;
				IPHONEOS_DEPLOYMENT_TARGET = 14.2;
				MTL_ENABLE_DEBUG_INFO = INCLUDE_SOURCE;
				MTL_FAST_MATH = YES;
				ONLY_ACTIVE_ARCH = YES;
				SDKROOT = iphoneos;
				SWIFT_ACTIVE_COMPILATION_CONDITIONS = DEBUG;
				SWIFT_OPTIMIZATION_LEVEL = "-Onone";
			};
			name = Debug;
		};
		9C30F73B257951ED003D310F /* Release */ = {
			isa = XCBuildConfiguration;
			buildSettings = {
				ALWAYS_SEARCH_USER_PATHS = NO;
				CLANG_ANALYZER_NONNULL = YES;
				CLANG_ANALYZER_NUMBER_OBJECT_CONVERSION = YES_AGGRESSIVE;
				CLANG_CXX_LANGUAGE_STANDARD = "gnu++14";
				CLANG_CXX_LIBRARY = "libc++";
				CLANG_ENABLE_MODULES = YES;
				CLANG_ENABLE_OBJC_ARC = YES;
				CLANG_ENABLE_OBJC_WEAK = YES;
				CLANG_WARN_BLOCK_CAPTURE_AUTORELEASING = YES;
				CLANG_WARN_BOOL_CONVERSION = YES;
				CLANG_WARN_COMMA = YES;
				CLANG_WARN_CONSTANT_CONVERSION = YES;
				CLANG_WARN_DEPRECATED_OBJC_IMPLEMENTATIONS = YES;
				CLANG_WARN_DIRECT_OBJC_ISA_USAGE = YES_ERROR;
				CLANG_WARN_DOCUMENTATION_COMMENTS = YES;
				CLANG_WARN_EMPTY_BODY = YES;
				CLANG_WARN_ENUM_CONVERSION = YES;
				CLANG_WARN_INFINITE_RECURSION = YES;
				CLANG_WARN_INT_CONVERSION = YES;
				CLANG_WARN_NON_LITERAL_NULL_CONVERSION = YES;
				CLANG_WARN_OBJC_IMPLICIT_RETAIN_SELF = YES;
				CLANG_WARN_OBJC_LITERAL_CONVERSION = YES;
				CLANG_WARN_OBJC_ROOT_CLASS = YES_ERROR;
				CLANG_WARN_QUOTED_INCLUDE_IN_FRAMEWORK_HEADER = YES;
				CLANG_WARN_RANGE_LOOP_ANALYSIS = YES;
				CLANG_WARN_STRICT_PROTOTYPES = YES;
				CLANG_WARN_SUSPICIOUS_MOVE = YES;
				CLANG_WARN_UNGUARDED_AVAILABILITY = YES_AGGRESSIVE;
				CLANG_WARN_UNREACHABLE_CODE = YES;
				CLANG_WARN__DUPLICATE_METHOD_MATCH = YES;
				COPY_PHASE_STRIP = NO;
				DEBUG_INFORMATION_FORMAT = "dwarf-with-dsym";
				ENABLE_NS_ASSERTIONS = NO;
				ENABLE_STRICT_OBJC_MSGSEND = YES;
				GCC_C_LANGUAGE_STANDARD = gnu11;
				GCC_NO_COMMON_BLOCKS = YES;
				GCC_WARN_64_TO_32_BIT_CONVERSION = YES;
				GCC_WARN_ABOUT_RETURN_TYPE = YES_ERROR;
				GCC_WARN_UNDECLARED_SELECTOR = YES;
				GCC_WARN_UNINITIALIZED_AUTOS = YES_AGGRESSIVE;
				GCC_WARN_UNUSED_FUNCTION = YES;
				GCC_WARN_UNUSED_VARIABLE = YES;
				IPHONEOS_DEPLOYMENT_TARGET = 14.2;
				MTL_ENABLE_DEBUG_INFO = NO;
				MTL_FAST_MATH = YES;
				SDKROOT = iphoneos;
				SWIFT_COMPILATION_MODE = wholemodule;
				SWIFT_OPTIMIZATION_LEVEL = "-O";
				VALIDATE_PRODUCT = YES;
			};
			name = Release;
		};
		9C30F73D257951ED003D310F /* Debug */ = {
			isa = XCBuildConfiguration;
			buildSettings = {
				ASSETCATALOG_COMPILER_APPICON_NAME = AppIcon;
				ASSETCATALOG_COMPILER_GLOBAL_ACCENT_COLOR_NAME = AccentColor;
				CODE_SIGN_STYLE = Automatic;
				DEVELOPMENT_TEAM = 83B85M254B;
				INFOPLIST_FILE = mapTest2/Info.plist;
				LD_RUNPATH_SEARCH_PATHS = (
					"$(inherited)",
					"@executable_path/Frameworks",
				);
				PRODUCT_BUNDLE_IDENTIFIER = app.matsushima.mukku.mapTest2;
				PRODUCT_NAME = "$(TARGET_NAME)";
				SWIFT_VERSION = 5.0;
				TARGETED_DEVICE_FAMILY = "1,2";
			};
			name = Debug;
		};
		9C30F73E257951ED003D310F /* Release */ = {
			isa = XCBuildConfiguration;
			buildSettings = {
				ASSETCATALOG_COMPILER_APPICON_NAME = AppIcon;
				ASSETCATALOG_COMPILER_GLOBAL_ACCENT_COLOR_NAME = AccentColor;
				CODE_SIGN_STYLE = Automatic;
				DEVELOPMENT_TEAM = 83B85M254B;
				INFOPLIST_FILE = mapTest2/Info.plist;
				LD_RUNPATH_SEARCH_PATHS = (
					"$(inherited)",
					"@executable_path/Frameworks",
				);
				PRODUCT_BUNDLE_IDENTIFIER = app.matsushima.mukku.mapTest2;
				PRODUCT_NAME = "$(TARGET_NAME)";
				SWIFT_VERSION = 5.0;
				TARGETED_DEVICE_FAMILY = "1,2";
			};
			name = Release;
		};
		9C30F740257951ED003D310F /* Debug */ = {
			isa = XCBuildConfiguration;
			buildSettings = {
				ALWAYS_EMBED_SWIFT_STANDARD_LIBRARIES = YES;
				BUNDLE_LOADER = "$(TEST_HOST)";
				CODE_SIGN_STYLE = Automatic;
				DEVELOPMENT_TEAM = 83B85M254B;
				INFOPLIST_FILE = mapTest2Tests/Info.plist;
				IPHONEOS_DEPLOYMENT_TARGET = 14.2;
				LD_RUNPATH_SEARCH_PATHS = (
					"$(inherited)",
					"@executable_path/Frameworks",
					"@loader_path/Frameworks",
				);
				PRODUCT_BUNDLE_IDENTIFIER = app.matsushima.mukku.mapTest2Tests;
				PRODUCT_NAME = "$(TARGET_NAME)";
				SWIFT_VERSION = 5.0;
				TARGETED_DEVICE_FAMILY = "1,2";
				TEST_HOST = "$(BUILT_PRODUCTS_DIR)/mapTest2.app/mapTest2";
			};
			name = Debug;
		};
		9C30F741257951ED003D310F /* Release */ = {
			isa = XCBuildConfiguration;
			buildSettings = {
				ALWAYS_EMBED_SWIFT_STANDARD_LIBRARIES = YES;
				BUNDLE_LOADER = "$(TEST_HOST)";
				CODE_SIGN_STYLE = Automatic;
				DEVELOPMENT_TEAM = 83B85M254B;
				INFOPLIST_FILE = mapTest2Tests/Info.plist;
				IPHONEOS_DEPLOYMENT_TARGET = 14.2;
				LD_RUNPATH_SEARCH_PATHS = (
					"$(inherited)",
					"@executable_path/Frameworks",
					"@loader_path/Frameworks",
				);
				PRODUCT_BUNDLE_IDENTIFIER = app.matsushima.mukku.mapTest2Tests;
				PRODUCT_NAME = "$(TARGET_NAME)";
				SWIFT_VERSION = 5.0;
				TARGETED_DEVICE_FAMILY = "1,2";
				TEST_HOST = "$(BUILT_PRODUCTS_DIR)/mapTest2.app/mapTest2";
			};
			name = Release;
		};
		9C30F743257951ED003D310F /* Debug */ = {
			isa = XCBuildConfiguration;
			buildSettings = {
				ALWAYS_EMBED_SWIFT_STANDARD_LIBRARIES = YES;
				CODE_SIGN_STYLE = Automatic;
				DEVELOPMENT_TEAM = 83B85M254B;
				INFOPLIST_FILE = mapTest2UITests/Info.plist;
				LD_RUNPATH_SEARCH_PATHS = (
					"$(inherited)",
					"@executable_path/Frameworks",
					"@loader_path/Frameworks",
				);
				PRODUCT_BUNDLE_IDENTIFIER = app.matsushima.mukku.mapTest2UITests;
				PRODUCT_NAME = "$(TARGET_NAME)";
				SWIFT_VERSION = 5.0;
				TARGETED_DEVICE_FAMILY = "1,2";
				TEST_TARGET_NAME = mapTest2;
			};
			name = Debug;
		};
		9C30F744257951ED003D310F /* Release */ = {
			isa = XCBuildConfiguration;
			buildSettings = {
				ALWAYS_EMBED_SWIFT_STANDARD_LIBRARIES = YES;
				CODE_SIGN_STYLE = Automatic;
				DEVELOPMENT_TEAM = 83B85M254B;
				INFOPLIST_FILE = mapTest2UITests/Info.plist;
				LD_RUNPATH_SEARCH_PATHS = (
					"$(inherited)",
					"@executable_path/Frameworks",
					"@loader_path/Frameworks",
				);
				PRODUCT_BUNDLE_IDENTIFIER = app.matsushima.mukku.mapTest2UITests;
				PRODUCT_NAME = "$(TARGET_NAME)";
				SWIFT_VERSION = 5.0;
				TARGETED_DEVICE_FAMILY = "1,2";
				TEST_TARGET_NAME = mapTest2;
			};
			name = Release;
		};
/* End XCBuildConfiguration section */

/* Begin XCConfigurationList section */
		9C30F70D257951E8003D310F /* Build configuration list for PBXProject "mapTest2" */ = {
			isa = XCConfigurationList;
			buildConfigurations = (
				9C30F73A257951ED003D310F /* Debug */,
				9C30F73B257951ED003D310F /* Release */,
			);
			defaultConfigurationIsVisible = 0;
			defaultConfigurationName = Release;
		};
		9C30F73C257951ED003D310F /* Build configuration list for PBXNativeTarget "mapTest2" */ = {
			isa = XCConfigurationList;
			buildConfigurations = (
				9C30F73D257951ED003D310F /* Debug */,
				9C30F73E257951ED003D310F /* Release */,
			);
			defaultConfigurationIsVisible = 0;
			defaultConfigurationName = Release;
		};
		9C30F73F257951ED003D310F /* Build configuration list for PBXNativeTarget "mapTest2Tests" */ = {
			isa = XCConfigurationList;
			buildConfigurations = (
				9C30F740257951ED003D310F /* Debug */,
				9C30F741257951ED003D310F /* Release */,
			);
			defaultConfigurationIsVisible = 0;
			defaultConfigurationName = Release;
		};
		9C30F742257951ED003D310F /* Build configuration list for PBXNativeTarget "mapTest2UITests" */ = {
			isa = XCConfigurationList;
			buildConfigurations = (
				9C30F743257951ED003D310F /* Debug */,
				9C30F744257951ED003D310F /* Release */,
			);
			defaultConfigurationIsVisible = 0;
			defaultConfigurationName = Release;
		};
/* End XCConfigurationList section */
	};
	rootObject = 9C30F70A257951E8003D310F /* Project object */;
}
